
Microsoft Visual Studio Solution File, Format Version 12.00
Project("{FAE04EC0-301F-11D3-BF4B-00C04F79EFBC}") = "LumaGenie", "LumaGenie.csproj", "{9F405488-56A9-4C49-8607-D41508943EE7}"
EndProject
Global
	GlobalSection(SolutionConfigurationPlatforms) = preSolution
		Debug|Any CPU = Debug|Any CPU
		Release|Any CPU = Release|Any CPU
	EndGlobalSection
	GlobalSection(ProjectConfigurationPlatforms) = postSolution
		{9F405488-56A9-4C49-8607-D41508943EE7}.Debug|Any CPU.ActiveCfg = Debug|Any CPU
		{9F405488-56A9-4C49-8607-D41508943EE7}.Debug|Any CPU.Build.0 = Debug|Any CPU
		{9F405488-56A9-4C49-8607-D41508943EE7}.Release|Any CPU.ActiveCfg = Release|Any CPU
		{9F405488-56A9-4C49-8607-D41508943EE7}.Release|Any CPU.Build.0 = Release|Any CPU
	EndGlobalSection
EndGlobal
